
Microsoft Visual Studio Solution File, Format Version 12.00
# Visual Studio Version 16
VisualStudioVersion = 16.0.31729.503
MinimumVisualStudioVersion = 10.0.40219.1
Project("{FAE04EC0-301F-11D3-BF4B-00C04F79EFBC}") = "JalgrattaeksamMVC", "JalgrattaeksamMVC\JalgrattaeksamMVC.csproj", "{677E0B36-DBFE-46EA-BC72-68E7C15BA5F6}"
EndProject
Global
	GlobalSection(SolutionConfigurationPlatforms) = preSolution
		Debug|Any CPU = Debug|Any CPU
		Release|Any CPU = Release|Any CPU
	EndGlobalSection
	GlobalSection(ProjectConfigurationPlatforms) = postSolution
		{677E0B36-DBFE-46EA-BC72-68E7C15BA5F6}.Debug|Any CPU.ActiveCfg = Debug|Any CPU
		{677E0B36-DBFE-46EA-BC72-68E7C15BA5F6}.Debug|Any CPU.Build.0 = Debug|Any CPU
		{677E0B36-DBFE-46EA-BC72-68E7C15BA5F6}.Release|Any CPU.ActiveCfg = Release|Any CPU
		{677E0B36-DBFE-46EA-BC72-68E7C15BA5F6}.Release|Any CPU.Build.0 = Release|Any CPU
	EndGlobalSection
	GlobalSection(SolutionProperties) = preSolution
		HideSolutionNode = FALSE
	EndGlobalSection
	GlobalSection(ExtensibilityGlobals) = postSolution
		SolutionGuid = {8A4A1FAF-9FFD-4C1D-A640-FD48DD4AEC8E}
	EndGlobalSection
EndGlobal
